
Microsoft Visual Studio Solution File, Format Version 12.00
# Visual Studio 15
VisualStudioVersion = 15.0.27004.2002
MinimumVisualStudioVersion = 10.0.40219.1
Project("{FAE04EC0-301F-11D3-BF4B-00C04F79EFBC}") = "WindowsFormsApp1", "WindowsFormsApp1\WindowsFormsApp1.csproj", "{62923F3C-89C7-4FAE-A19B-F3EAE37848E2}"
EndProject
Global
	GlobalSection(SolutionConfigurationPlatforms) = preSolution
		Debug|Any CPU = Debug|Any CPU
		Release|Any CPU = Release|Any CPU
	EndGlobalSection
	GlobalSection(ProjectConfigurationPlatforms) = postSolution
		{62923F3C-89C7-4FAE-A19B-F3EAE37848E2}.Debug|Any CPU.ActiveCfg = Debug|Any CPU
		{62923F3C-89C7-4FAE-A19B-F3EAE37848E2}.Debug|Any CPU.Build.0 = Debug|Any CPU
		{62923F3C-89C7-4FAE-A19B-F3EAE37848E2}.Release|Any CPU.ActiveCfg = Release|Any CPU
		{62923F3C-89C7-4FAE-A19B-F3EAE37848E2}.Release|Any CPU.Build.0 = Release|Any CPU
	EndGlobalSection
	GlobalSection(SolutionProperties) = preSolution
		HideSolutionNode = FALSE
	EndGlobalSection
	GlobalSection(ExtensibilityGlobals) = postSolution
		SolutionGuid = {4A4AEAD4-9F70-479E-A489-0585C760DDBD}
	EndGlobalSection
EndGlobal
